
Microsoft Visual Studio Solution File, Format Version 12.00
# Visual Studio Version 17
VisualStudioVersion = 17.10.35004.147
MinimumVisualStudioVersion = 10.0.40219.1
Project("{9A19103F-16F7-4668-BE54-9A1E7A4F7556}") = "NubanBankPredictionLib", "NubanBankPredictionLib\NubanBankPredictionLib.csproj", "{AD93DDDE-0870-446D-BC5F-C0EE908CF1FB}"
EndProject
Project("{9A19103F-16F7-4668-BE54-9A1E7A4F7556}") = "NubanBankPredictionTests", "NubanBankPredictionTests\NubanBankPredictionTests.csproj", "{71019351-A289-491C-9933-18B8A201889F}"
EndProject
Project("{FAE04EC0-301F-11D3-BF4B-00C04F79EFBC}") = "NubanBankPredictionConsole", "NubanBankPredictionConsole\NubanBankPredictionConsole.csproj", "{80BF91E6-C45F-4A00-B5B4-F562FDAC6DA4}"
EndProject
Global
	GlobalSection(SolutionConfigurationPlatforms) = preSolution
		Debug|Any CPU = Debug|Any CPU
		Release|Any CPU = Release|Any CPU
	EndGlobalSection
	GlobalSection(ProjectConfigurationPlatforms) = postSolution
		{AD93DDDE-0870-446D-BC5F-C0EE908CF1FB}.Debug|Any CPU.ActiveCfg = Debug|Any CPU
		{AD93DDDE-0870-446D-BC5F-C0EE908CF1FB}.Debug|Any CPU.Build.0 = Debug|Any CPU
		{AD93DDDE-0870-446D-BC5F-C0EE908CF1FB}.Release|Any CPU.ActiveCfg = Release|Any CPU
		{AD93DDDE-0870-446D-BC5F-C0EE908CF1FB}.Release|Any CPU.Build.0 = Release|Any CPU
		{71019351-A289-491C-9933-18B8A201889F}.Debug|Any CPU.ActiveCfg = Debug|Any CPU
		{71019351-A289-491C-9933-18B8A201889F}.Debug|Any CPU.Build.0 = Debug|Any CPU
		{71019351-A289-491C-9933-18B8A201889F}.Release|Any CPU.ActiveCfg = Release|Any CPU
		{71019351-A289-491C-9933-18B8A201889F}.Release|Any CPU.Build.0 = Release|Any CPU
		{80BF91E6-C45F-4A00-B5B4-F562FDAC6DA4}.Debug|Any CPU.ActiveCfg = Debug|Any CPU
		{80BF91E6-C45F-4A00-B5B4-F562FDAC6DA4}.Debug|Any CPU.Build.0 = Debug|Any CPU
		{80BF91E6-C45F-4A00-B5B4-F562FDAC6DA4}.Release|Any CPU.ActiveCfg = Release|Any CPU
		{80BF91E6-C45F-4A00-B5B4-F562FDAC6DA4}.Release|Any CPU.Build.0 = Release|Any CPU
	EndGlobalSection
	GlobalSection(SolutionProperties) = preSolution
		HideSolutionNode = FALSE
	EndGlobalSection
	GlobalSection(ExtensibilityGlobals) = postSolution
		SolutionGuid = {065EBE69-F987-42C6-9D5A-6BABA82AF570}
	EndGlobalSection
EndGlobal
